
Microsoft Visual Studio Solution File, Format Version 12.00
# Visual Studio Version 16
VisualStudioVersion = 16.0.29306.81
MinimumVisualStudioVersion = 10.0.40219.1
Project("{FAE04EC0-301F-11D3-BF4B-00C04F79EFBC}") = "Tp2", "Tp2\Tp2.csproj", "{A9AFB568-1841-4433-8904-10C775ACE829}"
EndProject
Project("{FAE04EC0-301F-11D3-BF4B-00C04F79EFBC}") = "Entidades", "Entidades\Entidades.csproj", "{16211028-BB18-4E68-B0A0-6C03B73E68F4}"
EndProject
Project("{FAE04EC0-301F-11D3-BF4B-00C04F79EFBC}") = "ConexionesSql", "ConexionesSql\ConexionesSql.csproj", "{D35B6FD7-69C2-4FB9-984B-FBBCE61D114A}"
EndProject
Global
	GlobalSection(SolutionConfigurationPlatforms) = preSolution
		Debug|Any CPU = Debug|Any CPU
		Release|Any CPU = Release|Any CPU
	EndGlobalSection
	GlobalSection(ProjectConfigurationPlatforms) = postSolution
		{A9AFB568-1841-4433-8904-10C775ACE829}.Debug|Any CPU.ActiveCfg = Debug|Any CPU
		{A9AFB568-1841-4433-8904-10C775ACE829}.Debug|Any CPU.Build.0 = Debug|Any CPU
		{A9AFB568-1841-4433-8904-10C775ACE829}.Release|Any CPU.ActiveCfg = Release|Any CPU
		{A9AFB568-1841-4433-8904-10C775ACE829}.Release|Any CPU.Build.0 = Release|Any CPU
		{16211028-BB18-4E68-B0A0-6C03B73E68F4}.Debug|Any CPU.ActiveCfg = Debug|Any CPU
		{16211028-BB18-4E68-B0A0-6C03B73E68F4}.Debug|Any CPU.Build.0 = Debug|Any CPU
		{16211028-BB18-4E68-B0A0-6C03B73E68F4}.Release|Any CPU.ActiveCfg = Release|Any CPU
		{16211028-BB18-4E68-B0A0-6C03B73E68F4}.Release|Any CPU.Build.0 = Release|Any CPU
		{D35B6FD7-69C2-4FB9-984B-FBBCE61D114A}.Debug|Any CPU.ActiveCfg = Debug|Any CPU
		{D35B6FD7-69C2-4FB9-984B-FBBCE61D114A}.Debug|Any CPU.Build.0 = Debug|Any CPU
		{D35B6FD7-69C2-4FB9-984B-FBBCE61D114A}.Release|Any CPU.ActiveCfg = Release|Any CPU
		{D35B6FD7-69C2-4FB9-984B-FBBCE61D114A}.Release|Any CPU.Build.0 = Release|Any CPU
	EndGlobalSection
	GlobalSection(SolutionProperties) = preSolution
		HideSolutionNode = FALSE
	EndGlobalSection
	GlobalSection(ExtensibilityGlobals) = postSolution
		SolutionGuid = {DB31B5A4-8A7D-426D-BB55-AABB04EAC8CC}
	EndGlobalSection
EndGlobal
